
Microsoft Visual Studio Solution File, Format Version 12.00
# Visual Studio Version 16
VisualStudioVersion = 16.0.31729.503
MinimumVisualStudioVersion = 10.0.40219.1
Project("{9A19103F-16F7-4668-BE54-9A1E7A4F7556}") = "Gis.API", "Gis.API\Gis.API.csproj", "{674D11D9-AC78-4FD3-9A18-E8BD659E02B4}"
EndProject
Project("{9A19103F-16F7-4668-BE54-9A1E7A4F7556}") = "Gis.Core", "Gis.Core\Gis.Core.csproj", "{4D6232B8-FD5E-4FD7-B958-433626695136}"
EndProject
Project("{9A19103F-16F7-4668-BE54-9A1E7A4F7556}") = "Gis.InfraCore", "Gis.Infrastructure\Gis.InfraCore.csproj", "{18963E2D-C7C3-43AA-9407-12B0608564D6}"
EndProject
Project("{9A19103F-16F7-4668-BE54-9A1E7A4F7556}") = "Gis.UnitTest", "Gis.UnitTest\Gis.UnitTest.csproj", "{7C3BA579-15E9-4805-A3C4-2FE95D694C10}"
EndProject
Global
	GlobalSection(SolutionConfigurationPlatforms) = preSolution
		Debug|Any CPU = Debug|Any CPU
		Release|Any CPU = Release|Any CPU
	EndGlobalSection
	GlobalSection(ProjectConfigurationPlatforms) = postSolution
		{674D11D9-AC78-4FD3-9A18-E8BD659E02B4}.Debug|Any CPU.ActiveCfg = Debug|Any CPU
		{674D11D9-AC78-4FD3-9A18-E8BD659E02B4}.Debug|Any CPU.Build.0 = Debug|Any CPU
		{674D11D9-AC78-4FD3-9A18-E8BD659E02B4}.Release|Any CPU.ActiveCfg = Release|Any CPU
		{674D11D9-AC78-4FD3-9A18-E8BD659E02B4}.Release|Any CPU.Build.0 = Release|Any CPU
		{4D6232B8-FD5E-4FD7-B958-433626695136}.Debug|Any CPU.ActiveCfg = Debug|Any CPU
		{4D6232B8-FD5E-4FD7-B958-433626695136}.Debug|Any CPU.Build.0 = Debug|Any CPU
		{4D6232B8-FD5E-4FD7-B958-433626695136}.Release|Any CPU.ActiveCfg = Release|Any CPU
		{4D6232B8-FD5E-4FD7-B958-433626695136}.Release|Any CPU.Build.0 = Release|Any CPU
		{18963E2D-C7C3-43AA-9407-12B0608564D6}.Debug|Any CPU.ActiveCfg = Debug|Any CPU
		{18963E2D-C7C3-43AA-9407-12B0608564D6}.Debug|Any CPU.Build.0 = Debug|Any CPU
		{18963E2D-C7C3-43AA-9407-12B0608564D6}.Release|Any CPU.ActiveCfg = Release|Any CPU
		{18963E2D-C7C3-43AA-9407-12B0608564D6}.Release|Any CPU.Build.0 = Release|Any CPU
		{7C3BA579-15E9-4805-A3C4-2FE95D694C10}.Debug|Any CPU.ActiveCfg = Debug|Any CPU
		{7C3BA579-15E9-4805-A3C4-2FE95D694C10}.Debug|Any CPU.Build.0 = Debug|Any CPU
		{7C3BA579-15E9-4805-A3C4-2FE95D694C10}.Release|Any CPU.ActiveCfg = Release|Any CPU
		{7C3BA579-15E9-4805-A3C4-2FE95D694C10}.Release|Any CPU.Build.0 = Release|Any CPU
	EndGlobalSection
	GlobalSection(SolutionProperties) = preSolution
		HideSolutionNode = FALSE
	EndGlobalSection
	GlobalSection(ExtensibilityGlobals) = postSolution
		SolutionGuid = {DA4BB890-3033-47BC-BDFA-17A6691D4CEB}
	EndGlobalSection
EndGlobal
